
Microsoft Visual Studio Solution File, Format Version 12.00
# Visual Studio Version 17
VisualStudioVersion = 17.14.36327.8 d17.14
MinimumVisualStudioVersion = 10.0.40219.1
Project("{FAE04EC0-301F-11D3-BF4B-00C04F79EFBC}") = "Employee Management WebApi", "Employee Management WebApi.csproj", "{9285BCEE-8357-41E8-9034-ED8988D91DFC}"
EndProject
Project("{FAE04EC0-301F-11D3-BF4B-00C04F79EFBC}") = "Employee_Management.Application", "..\Employee_Management.Application\Employee_Management.Application.csproj", "{33851857-E44B-4BC8-A013-A85BCCAA0B9B}"
EndProject
Project("{FAE04EC0-301F-11D3-BF4B-00C04F79EFBC}") = "Employee_Management.Domain", "..\Employee_Management.Domain\Employee_Management.Domain.csproj", "{532FD563-B5A2-4212-9A94-E462B9C0418B}"
EndProject
Project("{FAE04EC0-301F-11D3-BF4B-00C04F79EFBC}") = "Employee_Management.Infrastructure", "..\Employee_Management.Infrastructure\Employee_Management.Infrastructure.csproj", "{43FF075D-24F8-4C50-B4EF-4CAC8BA611C5}"
EndProject
Global
	GlobalSection(SolutionConfigurationPlatforms) = preSolution
		Debug|Any CPU = Debug|Any CPU
		Release|Any CPU = Release|Any CPU
	EndGlobalSection
	GlobalSection(ProjectConfigurationPlatforms) = postSolution
		{9285BCEE-8357-41E8-9034-ED8988D91DFC}.Debug|Any CPU.ActiveCfg = Debug|Any CPU
		{9285BCEE-8357-41E8-9034-ED8988D91DFC}.Debug|Any CPU.Build.0 = Debug|Any CPU
		{9285BCEE-8357-41E8-9034-ED8988D91DFC}.Release|Any CPU.ActiveCfg = Release|Any CPU
		{9285BCEE-8357-41E8-9034-ED8988D91DFC}.Release|Any CPU.Build.0 = Release|Any CPU
		{33851857-E44B-4BC8-A013-A85BCCAA0B9B}.Debug|Any CPU.ActiveCfg = Debug|Any CPU
		{33851857-E44B-4BC8-A013-A85BCCAA0B9B}.Debug|Any CPU.Build.0 = Debug|Any CPU
		{33851857-E44B-4BC8-A013-A85BCCAA0B9B}.Release|Any CPU.ActiveCfg = Release|Any CPU
		{33851857-E44B-4BC8-A013-A85BCCAA0B9B}.Release|Any CPU.Build.0 = Release|Any CPU
		{532FD563-B5A2-4212-9A94-E462B9C0418B}.Debug|Any CPU.ActiveCfg = Debug|Any CPU
		{532FD563-B5A2-4212-9A94-E462B9C0418B}.Debug|Any CPU.Build.0 = Debug|Any CPU
		{532FD563-B5A2-4212-9A94-E462B9C0418B}.Release|Any CPU.ActiveCfg = Release|Any CPU
		{532FD563-B5A2-4212-9A94-E462B9C0418B}.Release|Any CPU.Build.0 = Release|Any CPU
		{43FF075D-24F8-4C50-B4EF-4CAC8BA611C5}.Debug|Any CPU.ActiveCfg = Debug|Any CPU
		{43FF075D-24F8-4C50-B4EF-4CAC8BA611C5}.Debug|Any CPU.Build.0 = Debug|Any CPU
		{43FF075D-24F8-4C50-B4EF-4CAC8BA611C5}.Release|Any CPU.ActiveCfg = Release|Any CPU
		{43FF075D-24F8-4C50-B4EF-4CAC8BA611C5}.Release|Any CPU.Build.0 = Release|Any CPU
	EndGlobalSection
	GlobalSection(SolutionProperties) = preSolution
		HideSolutionNode = FALSE
	EndGlobalSection
	GlobalSection(ExtensibilityGlobals) = postSolution
		SolutionGuid = {70098545-751B-4C57-8B80-9AA2203510FE}
	EndGlobalSection
EndGlobal
